
Microsoft Visual Studio Solution File, Format Version 12.00
# Visual Studio 14
VisualStudioVersion = 14.0.25420.1
MinimumVisualStudioVersion = 10.0.40219.1
Project("{FAE04EC0-301F-11D3-BF4B-00C04F79EFBC}") = "DaysProject5", "DaysProject5\DaysProject5.csproj", "{3199CEDF-17E9-4254-9639-7F712B09055F}"
EndProject
Project("{FAE04EC0-301F-11D3-BF4B-00C04F79EFBC}") = "UnitTestDaysProject5", "UnitTestDaysProject5\UnitTestDaysProject5.csproj", "{989F7FDD-4001-4C1C-A93B-65882458D69D}"
EndProject
Global
	GlobalSection(SolutionConfigurationPlatforms) = preSolution
		Debug|Any CPU = Debug|Any CPU
		Release|Any CPU = Release|Any CPU
	EndGlobalSection
	GlobalSection(ProjectConfigurationPlatforms) = postSolution
		{3199CEDF-17E9-4254-9639-7F712B09055F}.Debug|Any CPU.ActiveCfg = Debug|Any CPU
		{3199CEDF-17E9-4254-9639-7F712B09055F}.Debug|Any CPU.Build.0 = Debug|Any CPU
		{3199CEDF-17E9-4254-9639-7F712B09055F}.Release|Any CPU.ActiveCfg = Release|Any CPU
		{3199CEDF-17E9-4254-9639-7F712B09055F}.Release|Any CPU.Build.0 = Release|Any CPU
		{989F7FDD-4001-4C1C-A93B-65882458D69D}.Debug|Any CPU.ActiveCfg = Debug|Any CPU
		{989F7FDD-4001-4C1C-A93B-65882458D69D}.Debug|Any CPU.Build.0 = Debug|Any CPU
		{989F7FDD-4001-4C1C-A93B-65882458D69D}.Release|Any CPU.ActiveCfg = Release|Any CPU
		{989F7FDD-4001-4C1C-A93B-65882458D69D}.Release|Any CPU.Build.0 = Release|Any CPU
	EndGlobalSection
	GlobalSection(SolutionProperties) = preSolution
		HideSolutionNode = FALSE
	EndGlobalSection
EndGlobal
